
Microsoft Visual Studio Solution File, Format Version 12.00
# Visual Studio 2012
Project("{FAE04EC0-301F-11D3-BF4B-00C04F79EFBC}") = "Zahlensysteme umrechnen", "Zahlensysteme umrechnen\Zahlensysteme umrechnen.csproj", "{FA6DF072-9BB4-4E5C-9A05-F46DED5F29DE}"
EndProject
Global
	GlobalSection(SolutionConfigurationPlatforms) = preSolution
		Debug|Any CPU = Debug|Any CPU
		Release|Any CPU = Release|Any CPU
	EndGlobalSection
	GlobalSection(ProjectConfigurationPlatforms) = postSolution
		{FA6DF072-9BB4-4E5C-9A05-F46DED5F29DE}.Debug|Any CPU.ActiveCfg = Debug|Any CPU
		{FA6DF072-9BB4-4E5C-9A05-F46DED5F29DE}.Debug|Any CPU.Build.0 = Debug|Any CPU
		{FA6DF072-9BB4-4E5C-9A05-F46DED5F29DE}.Release|Any CPU.ActiveCfg = Release|Any CPU
		{FA6DF072-9BB4-4E5C-9A05-F46DED5F29DE}.Release|Any CPU.Build.0 = Release|Any CPU
	EndGlobalSection
	GlobalSection(SolutionProperties) = preSolution
		HideSolutionNode = FALSE
	EndGlobalSection
EndGlobal
